
Microsoft Visual Studio Solution File, Format Version 12.00
# Visual Studio Version 16
VisualStudioVersion = 16.0.30907.101
MinimumVisualStudioVersion = 10.0.40219.1
Project("{FAE04EC0-301F-11D3-BF4B-00C04F79EFBC}") = "Tester", "Tester.csproj", "{EC408B21-012A-4773-A1E6-939809DEA349}"
EndProject
Project("{FAE04EC0-301F-11D3-BF4B-00C04F79EFBC}") = "TagshelfApi", "..\TagshelfApi\TagshelfApi.csproj", "{2D93AE5B-5F83-441E-A3B5-E4043235F404}"
EndProject
Global
	GlobalSection(SolutionConfigurationPlatforms) = preSolution
		Debug|Any CPU = Debug|Any CPU
		Debug|x86 = Debug|x86
		Release|Any CPU = Release|Any CPU
		Release|x86 = Release|x86
	EndGlobalSection
	GlobalSection(ProjectConfigurationPlatforms) = postSolution
		{EC408B21-012A-4773-A1E6-939809DEA349}.Debug|Any CPU.ActiveCfg = Debug|x86
		{EC408B21-012A-4773-A1E6-939809DEA349}.Debug|x86.ActiveCfg = Debug|x86
		{EC408B21-012A-4773-A1E6-939809DEA349}.Debug|x86.Build.0 = Debug|x86
		{EC408B21-012A-4773-A1E6-939809DEA349}.Release|Any CPU.ActiveCfg = Release|x86
		{EC408B21-012A-4773-A1E6-939809DEA349}.Release|x86.ActiveCfg = Release|x86
		{EC408B21-012A-4773-A1E6-939809DEA349}.Release|x86.Build.0 = Release|x86
		{2D93AE5B-5F83-441E-A3B5-E4043235F404}.Debug|Any CPU.ActiveCfg = Debug|Any CPU
		{2D93AE5B-5F83-441E-A3B5-E4043235F404}.Debug|Any CPU.Build.0 = Debug|Any CPU
		{2D93AE5B-5F83-441E-A3B5-E4043235F404}.Debug|x86.ActiveCfg = Debug|Any CPU
		{2D93AE5B-5F83-441E-A3B5-E4043235F404}.Debug|x86.Build.0 = Debug|Any CPU
		{2D93AE5B-5F83-441E-A3B5-E4043235F404}.Release|Any CPU.ActiveCfg = Release|Any CPU
		{2D93AE5B-5F83-441E-A3B5-E4043235F404}.Release|Any CPU.Build.0 = Release|Any CPU
		{2D93AE5B-5F83-441E-A3B5-E4043235F404}.Release|x86.ActiveCfg = Release|Any CPU
		{2D93AE5B-5F83-441E-A3B5-E4043235F404}.Release|x86.Build.0 = Release|Any CPU
	EndGlobalSection
	GlobalSection(SolutionProperties) = preSolution
		HideSolutionNode = FALSE
	EndGlobalSection
	GlobalSection(ExtensibilityGlobals) = postSolution
		SolutionGuid = {BC9A1369-0961-4DCA-80AC-94CCA5EE38DA}
	EndGlobalSection
EndGlobal
